// !$*UTF8*$!
{
	archiveVersion = 1;
	classes = {
	};
	objectVersion = 55;
	objects = {

/* Begin PBXBuildFile section */
		2593877E274CB6670092C021 /* AppDelegate.swift in Sources */ = {isa = PBXBuildFile; fileRef = 2593877D274CB6670092C021 /* AppDelegate.swift */; };
		25938780274CB6670092C021 /* SceneDelegate.swift in Sources */ = {isa = PBXBuildFile; fileRef = 2593877F274CB6670092C021 /* SceneDelegate.swift */; };
		25938782274CB6670092C021 /* ViewController.swift in Sources */ = {isa = PBXBuildFile; fileRef = 25938781274CB6670092C021 /* ViewController.swift */; };
		25938785274CB6670092C021 /* Main.storyboard in Resources */ = {isa = PBXBuildFile; fileRef = 25938783274CB6670092C021 /* Main.storyboard */; };
		25938787274CB6690092C021 /* Assets.xcassets in Resources */ = {isa = PBXBuildFile; fileRef = 25938786274CB6690092C021 /* Assets.xcassets */; };
		2593878A274CB6690092C021 /* LaunchScreen.storyboard in Resources */ = {isa = PBXBuildFile; fileRef = 25938788274CB6690092C021 /* LaunchScreen.storyboard */; };
		25938795274CB6690092C021 /* PaySlipViewerTests.swift in Sources */ = {isa = PBXBuildFile; fileRef = 25938794274CB6690092C021 /* PaySlipViewerTests.swift */; };
		2593879F274CB6690092C021 /* PaySlipViewerUITests.swift in Sources */ = {isa = PBXBuildFile; fileRef = 2593879E274CB6690092C021 /* PaySlipViewerUITests.swift */; };
		259387A1274CB6690092C021 /* PaySlipViewerUITestsLaunchTests.swift in Sources */ = {isa = PBXBuildFile; fileRef = 259387A0274CB6690092C021 /* PaySlipViewerUITestsLaunchTests.swift */; };
/* End PBXBuildFile section */

/* Begin PBXContainerItemProxy section */
		25938791274CB6690092C021 /* PBXContainerItemProxy */ = {
			isa = PBXContainerItemProxy;
			containerPortal = 25938772274CB6670092C021 /* Project object */;
			proxyType = 1;
			remoteGlobalIDString = 25938779274CB6670092C021;
			remoteInfo = PaySlipViewer;
		};
		2593879B274CB6690092C021 /* PBXContainerItemProxy */ = {
			isa = PBXContainerItemProxy;
			containerPortal = 25938772274CB6670092C021 /* Project object */;
			proxyType = 1;
			remoteGlobalIDString = 25938779274CB6670092C021;
			remoteInfo = PaySlipViewer;
		};
/* End PBXContainerItemProxy section */

/* Begin PBXFileReference section */
		2593877A274CB6670092C021 /* PaySlipViewer.app */ = {isa = PBXFileReference; explicitFileType = wrapper.application; includeInIndex = 0; path = PaySlipViewer.app; sourceTree = BUILT_PRODUCTS_DIR; };
		2593877D274CB6670092C021 /* AppDelegate.swift */ = {isa = PBXFileReference; lastKnownFileType = sourcecode.swift; path = AppDelegate.swift; sourceTree = "<group>"; };
		2593877F274CB6670092C021 /* SceneDelegate.swift */ = {isa = PBXFileReference; lastKnownFileType = sourcecode.swift; path = SceneDelegate.swift; sourceTree = "<group>"; };
		25938781274CB6670092C021 /* ViewController.swift */ = {isa = PBXFileReference; lastKnownFileType = sourcecode.swift; path = ViewController.swift; sourceTree = "<group>"; };
		25938784274CB6670092C021 /* Base */ = {isa = PBXFileReference; lastKnownFileType = file.storyboard; name = Base; path = Base.lproj/Main.storyboard; sourceTree = "<group>"; };
		25938786274CB6690092C021 /* Assets.xcassets */ = {isa = PBXFileReference; lastKnownFileType = folder.assetcatalog; path = Assets.xcassets; sourceTree = "<group>"; };
		25938789274CB6690092C021 /* Base */ = {isa = PBXFileReference; lastKnownFileType = file.storyboard; name = Base; path = Base.lproj/LaunchScreen.storyboard; sourceTree = "<group>"; };
		2593878B274CB6690092C021 /* Info.plist */ = {isa = PBXFileReference; lastKnownFileType = text.plist.xml; path = Info.plist; sourceTree = "<group>"; };
		25938790274CB6690092C021 /* PaySlipViewerTests.xctest */ = {isa = PBXFileReference; explicitFileType = wrapper.cfbundle; includeInIndex = 0; path = PaySlipViewerTests.xctest; sourceTree = BUILT_PRODUCTS_DIR; };
		25938794274CB6690092C021 /* PaySlipViewerTests.swift */ = {isa = PBXFileReference; lastKnownFileType = sourcecode.swift; path = PaySlipViewerTests.swift; sourceTree = "<group>"; };
		2593879A274CB6690092C021 /* PaySlipViewerUITests.xctest */ = {isa = PBXFileReference; explicitFileType = wrapper.cfbundle; includeInIndex = 0; path = PaySlipViewerUITests.xctest; sourceTree = BUILT_PRODUCTS_DIR; };
		2593879E274CB6690092C021 /* PaySlipViewerUITests.swift */ = {isa = PBXFileReference; lastKnownFileType = sourcecode.swift; path = PaySlipViewerUITests.swift; sourceTree = "<group>"; };
		259387A0274CB6690092C021 /* PaySlipViewerUITestsLaunchTests.swift */ = {isa = PBXFileReference; lastKnownFileType = sourcecode.swift; path = PaySlipViewerUITestsLaunchTests.swift; sourceTree = "<group>"; };
/* End PBXFileReference section */

/* Begin PBXFrameworksBuildPhase section */
		25938777274CB6670092C021 /* Frameworks */ = {
			isa = PBXFrameworksBuildPhase;
			buildActionMask = 2147483647;
			files = (
			);
			runOnlyForDeploymentPostprocessing = 0;
		};
		2593878D274CB6690092C021 /* Frameworks */ = {
			isa = PBXFrameworksBuildPhase;
			buildActionMask = 2147483647;
			files = (
			);
			runOnlyForDeploymentPostprocessing = 0;
		};
		25938797274CB6690092C021 /* Frameworks */ = {
			isa = PBXFrameworksBuildPhase;
			buildActionMask = 2147483647;
			files = (
			);
			runOnlyForDeploymentPostprocessing = 0;
		};
/* End PBXFrameworksBuildPhase section */

/* Begin PBXGroup section */
		25938771274CB6670092C021 = {
			isa = PBXGroup;
			children = (
				2593877C274CB6670092C021 /* PaySlipViewer */,
				25938793274CB6690092C021 /* PaySlipViewerTests */,
				2593879D274CB6690092C021 /* PaySlipViewerUITests */,
				2593877B274CB6670092C021 /* Products */,
			);
			sourceTree = "<group>";
		};
		2593877B274CB6670092C021 /* Products */ = {
			isa = PBXGroup;
			children = (
				2593877A274CB6670092C021 /* PaySlipViewer.app */,
				25938790274CB6690092C021 /* PaySlipViewerTests.xctest */,
				2593879A274CB6690092C021 /* PaySlipViewerUITests.xctest */,
			);
			name = Products;
			sourceTree = "<group>";
		};
		2593877C274CB6670092C021 /* PaySlipViewer */ = {
			isa = PBXGroup;
			children = (
				2593877D274CB6670092C021 /* AppDelegate.swift */,
				2593877F274CB6670092C021 /* SceneDelegate.swift */,
				25938781274CB6670092C021 /* ViewController.swift */,
				25938783274CB6670092C021 /* Main.storyboard */,
				25938786274CB6690092C021 /* Assets.xcassets */,
				25938788274CB6690092C021 /* LaunchScreen.storyboard */,
				2593878B274CB6690092C021 /* Info.plist */,
			);
			path = PaySlipViewer;
			sourceTree = "<group>";
		};
		25938793274CB6690092C021 /* PaySlipViewerTests */ = {
			isa = PBXGroup;
			children = (
				25938794274CB6690092C021 /* PaySlipViewerTests.swift */,
			);
			path = PaySlipViewerTests;
			sourceTree = "<group>";
		};
		2593879D274CB6690092C021 /* PaySlipViewerUITests */ = {
			isa = PBXGroup;
			children = (
				2593879E274CB6690092C021 /* PaySlipViewerUITests.swift */,
				259387A0274CB6690092C021 /* PaySlipViewerUITestsLaunchTests.swift */,
			);
			path = PaySlipViewerUITests;
			sourceTree = "<group>";
		};
/* End PBXGroup section */

/* Begin PBXNativeTarget section */
		25938779274CB6670092C021 /* PaySlipViewer */ = {
			isa = PBXNativeTarget;
			buildConfigurationList = 259387A4274CB6690092C021 /* Build configuration list for PBXNativeTarget "PaySlipViewer" */;
			buildPhases = (
				25938776274CB6670092C021 /* Sources */,
				25938777274CB6670092C021 /* Frameworks */,
				25938778274CB6670092C021 /* Resources */,
			);
			buildRules = (
			);
			dependencies = (
			);
			name = PaySlipViewer;
			productName = PaySlipViewer;
			productReference = 2593877A274CB6670092C021 /* PaySlipViewer.app */;
			productType = "com.apple.product-type.application";
		};
		2593878F274CB6690092C021 /* PaySlipViewerTests */ = {
			isa = PBXNativeTarget;
			buildConfigurationList = 259387A7274CB6690092C021 /* Build configuration list for PBXNativeTarget "PaySlipViewerTests" */;
			buildPhases = (
				2593878C274CB6690092C021 /* Sources */,
				2593878D274CB6690092C021 /* Frameworks */,
				2593878E274CB6690092C021 /* Resources */,
			);
			buildRules = (
			);
			dependencies = (
				25938792274CB6690092C021 /* PBXTargetDependency */,
			);
			name = PaySlipViewerTests;
			productName = PaySlipViewerTests;
			productReference = 25938790274CB6690092C021 /* PaySlipViewerTests.xctest */;
			productType = "com.apple.product-type.bundle.unit-test";
		};
		25938799274CB6690092C021 /* PaySlipViewerUITests */ = {
			isa = PBXNativeTarget;
			buildConfigurationList = 259387AA274CB6690092C021 /* Build configuration list for PBXNativeTarget "PaySlipViewerUITests" */;
			buildPhases = (
				25938796274CB6690092C021 /* Sources */,
				25938797274CB6690092C021 /* Frameworks */,
				25938798274CB6690092C021 /* Resources */,
			);
			buildRules = (
			);
			dependencies = (
				2593879C274CB6690092C021 /* PBXTargetDependency */,
			);
			name = PaySlipViewerUITests;
			productName = PaySlipViewerUITests;
			productReference = 2593879A274CB6690092C021 /* PaySlipViewerUITests.xctest */;
			productType = "com.apple.product-type.bundle.ui-testing";
		};
/* End PBXNativeTarget section */

/* Begin PBXProject section */
		25938772274CB6670092C021 /* Project object */ = {
			isa = PBXProject;
			attributes = {
				BuildIndependentTargetsInParallel = 1;
				LastSwiftUpdateCheck = 1310;
				LastUpgradeCheck = 1310;
				TargetAttributes = {
					25938779274CB6670092C021 = {
						CreatedOnToolsVersion = 13.1;
					};
					2593878F274CB6690092C021 = {
						CreatedOnToolsVersion = 13.1;
						TestTargetID = 25938779274CB6670092C021;
					};
					25938799274CB6690092C021 = {
						CreatedOnToolsVersion = 13.1;
						TestTargetID = 25938779274CB6670092C021;
					};
				};
			};
			buildConfigurationList = 25938775274CB6670092C021 /* Build configuration list for PBXProject "PaySlipViewer" */;
			compatibilityVersion = "Xcode 13.0";
			developmentRegion = en;
			hasScannedForEncodings = 0;
			knownRegions = (
				en,
				Base,
			);
			mainGroup = 25938771274CB6670092C021;
			productRefGroup = 2593877B274CB6670092C021 /* Products */;
			projectDirPath = "";
			projectRoot = "";
			targets = (
				25938779274CB6670092C021 /* PaySlipViewer */,
				2593878F274CB6690092C021 /* PaySlipViewerTests */,
				25938799274CB6690092C021 /* PaySlipViewerUITests */,
			);
		};
/* End PBXProject section */

/* Begin PBXResourcesBuildPhase section */
		25938778274CB6670092C021 /* Resources */ = {
			isa = PBXResourcesBuildPhase;
			buildActionMask = 2147483647;
			files = (
				2593878A274CB6690092C021 /* LaunchScreen.storyboard in Resources */,
				25938787274CB6690092C021 /* Assets.xcassets in Resources */,
				25938785274CB6670092C021 /* Main.storyboard in Resources */,
			);
			runOnlyForDeploymentPostprocessing = 0;
		};
		2593878E274CB6690092C021 /* Resources */ = {
			isa = PBXResourcesBuildPhase;
			buildActionMask = 2147483647;
			files = (
			);
			runOnlyForDeploymentPostprocessing = 0;
		};
		25938798274CB6690092C021 /* Resources */ = {
			isa = PBXResourcesBuildPhase;
			buildActionMask = 2147483647;
			files = (
			);
			runOnlyForDeploymentPostprocessing = 0;
		};
/* End PBXResourcesBuildPhase section */

/* Begin PBXSourcesBuildPhase section */
		25938776274CB6670092C021 /* Sources */ = {
			isa = PBXSourcesBuildPhase;
			buildActionMask = 2147483647;
			files = (
				25938782274CB6670092C021 /* ViewController.swift in Sources */,
				2593877E274CB6670092C021 /* AppDelegate.swift in Sources */,
				25938780274CB6670092C021 /* SceneDelegate.swift in Sources */,
			);
			runOnlyForDeploymentPostprocessing = 0;
		};
		2593878C274CB6690092C021 /* Sources */ = {
			isa = PBXSourcesBuildPhase;
			buildActionMask = 2147483647;
			files = (
				25938795274CB6690092C021 /* PaySlipViewerTests.swift in Sources */,
			);
			runOnlyForDeploymentPostprocessing = 0;
		};
		25938796274CB6690092C021 /* Sources */ = {
			isa = PBXSourcesBuildPhase;
			buildActionMask = 2147483647;
			files = (
				2593879F274CB6690092C021 /* PaySlipViewerUITests.swift in Sources */,
				259387A1274CB6690092C021 /* PaySlipViewerUITestsLaunchTests.swift in Sources */,
			);
			runOnlyForDeploymentPostprocessing = 0;
		};
/* End PBXSourcesBuildPhase section */

/* Begin PBXTargetDependency section */
		25938792274CB6690092C021 /* PBXTargetDependency */ = {
			isa = PBXTargetDependency;
			target = 25938779274CB6670092C021 /* PaySlipViewer */;
			targetProxy = 25938791274CB6690092C021 /* PBXContainerItemProxy */;
		};
		2593879C274CB6690092C021 /* PBXTargetDependency */ = {
			isa = PBXTargetDependency;
			target = 25938779274CB6670092C021 /* PaySlipViewer */;
			targetProxy = 2593879B274CB6690092C021 /* PBXContainerItemProxy */;
		};
/* End PBXTargetDependency section */

/* Begin PBXVariantGroup section */
		25938783274CB6670092C021 /* Main.storyboard */ = {
			isa = PBXVariantGroup;
			children = (
				25938784274CB6670092C021 /* Base */,
			);
			name = Main.storyboard;
			sourceTree = "<group>";
		};
		25938788274CB6690092C021 /* LaunchScreen.storyboard */ = {
			isa = PBXVariantGroup;
			children = (
				25938789274CB6690092C021 /* Base */,
			);
			name = LaunchScreen.storyboard;
			sourceTree = "<group>";
		};
/* End PBXVariantGroup section */

/* Begin XCBuildConfiguration section */
		259387A2274CB6690092C021 /* Debug */ = {
			isa = XCBuildConfiguration;
			buildSettings = {
				ALWAYS_SEARCH_USER_PATHS = NO;
				CLANG_ANALYZER_NONNULL = YES;
				CLANG_ANALYZER_NUMBER_OBJECT_CONVERSION = YES_AGGRESSIVE;
				CLANG_CXX_LANGUAGE_STANDARD = "gnu++17";
				CLANG_CXX_LIBRARY = "libc++";
				CLANG_ENABLE_MODULES = YES;
				CLANG_ENABLE_OBJC_ARC = YES;
				CLANG_ENABLE_OBJC_WEAK = YES;
				CLANG_WARN_BLOCK_CAPTURE_AUTORELEASING = YES;
				CLANG_WARN_BOOL_CONVERSION = YES;
				CLANG_WARN_COMMA = YES;
				CLANG_WARN_CONSTANT_CONVERSION = YES;
				CLANG_WARN_DEPRECATED_OBJC_IMPLEMENTATIONS = YES;
				CLANG_WARN_DIRECT_OBJC_ISA_USAGE = YES_ERROR;
				CLANG_WARN_DOCUMENTATION_COMMENTS = YES;
				CLANG_WARN_EMPTY_BODY = YES;
				CLANG_WARN_ENUM_CONVERSION = YES;
				CLANG_WARN_INFINITE_RECURSION = YES;
				CLANG_WARN_INT_CONVERSION = YES;
				CLANG_WARN_NON_LITERAL_NULL_CONVERSION = YES;
				CLANG_WARN_OBJC_IMPLICIT_RETAIN_SELF = YES;
				CLANG_WARN_OBJC_LITERAL_CONVERSION = YES;
				CLANG_WARN_OBJC_ROOT_CLASS = YES_ERROR;
				CLANG_WARN_QUOTED_INCLUDE_IN_FRAMEWORK_HEADER = YES;
				CLANG_WARN_RANGE_LOOP_ANALYSIS = YES;
				CLANG_WARN_STRICT_PROTOTYPES = YES;
				CLANG_WARN_SUSPICIOUS_MOVE = YES;
				CLANG_WARN_UNGUARDED_AVAILABILITY = YES_AGGRESSIVE;
				CLANG_WARN_UNREACHABLE_CODE = YES;
				CLANG_WARN__DUPLICATE_METHOD_MATCH = YES;
				COPY_PHASE_STRIP = NO;
				DEBUG_INFORMATION_FORMAT = dwarf;
				ENABLE_STRICT_OBJC_MSGSEND = YES;
				ENABLE_TESTABILITY = YES;
				GCC_C_LANGUAGE_STANDARD = gnu11;
				GCC_DYNAMIC_NO_PIC = NO;
				GCC_NO_COMMON_BLOCKS = YES;
				GCC_OPTIMIZATION_LEVEL = 0;
				GCC_PREPROCESSOR_DEFINITIONS = (
					"DEBUG=1",
					"$(inherited)",
				);
				GCC_WARN_64_TO_32_BIT_CONVERSION = YES;
				GCC_WARN_ABOUT_RETURN_TYPE = YES_ERROR;
				GCC_WARN_UNDECLARED_SELECTOR = YES;
				GCC_WARN_UNINITIALIZED_AUTOS = YES_AGGRESSIVE;
				GCC_WARN_UNUSED_FUNCTION = YES;
				GCC_WARN_UNUSED_VARIABLE = YES;
				IPHONEOS_DEPLOYMENT_TARGET = 15.0;
				MTL_ENABLE_DEBUG_INFO = INCLUDE_SOURCE;
				MTL_FAST_MATH = YES;
				ONLY_ACTIVE_ARCH = YES;
				SDKROOT = iphoneos;
				SWIFT_ACTIVE_COMPILATION_CONDITIONS = DEBUG;
				SWIFT_OPTIMIZATION_LEVEL = "-Onone";
			};
			name = Debug;
		};
		259387A3274CB6690092C021 /* Release */ = {
			isa = XCBuildConfiguration;
			buildSettings = {
				ALWAYS_SEARCH_USER_PATHS = NO;
				CLANG_ANALYZER_NONNULL = YES;
				CLANG_ANALYZER_NUMBER_OBJECT_CONVERSION = YES_AGGRESSIVE;
				CLANG_CXX_LANGUAGE_STANDARD = "gnu++17";
				CLANG_CXX_LIBRARY = "libc++";
				CLANG_ENABLE_MODULES = YES;
				CLANG_ENABLE_OBJC_ARC = YES;
				CLANG_ENABLE_OBJC_WEAK = YES;
				CLANG_WARN_BLOCK_CAPTURE_AUTORELEASING = YES;
				CLANG_WARN_BOOL_CONVERSION = YES;
				CLANG_WARN_COMMA = YES;
				CLANG_WARN_CONSTANT_CONVERSION = YES;
				CLANG_WARN_DEPRECATED_OBJC_IMPLEMENTATIONS = YES;
				CLANG_WARN_DIRECT_OBJC_ISA_USAGE = YES_ERROR;
				CLANG_WARN_DOCUMENTATION_COMMENTS = YES;
				CLANG_WARN_EMPTY_BODY = YES;
				CLANG_WARN_ENUM_CONVERSION = YES;
				CLANG_WARN_INFINITE_RECURSION = YES;
				CLANG_WARN_INT_CONVERSION = YES;
				CLANG_WARN_NON_LITERAL_NULL_CONVERSION = YES;
				CLANG_WARN_OBJC_IMPLICIT_RETAIN_SELF = YES;
				CLANG_WARN_OBJC_LITERAL_CONVERSION = YES;
				CLANG_WARN_OBJC_ROOT_CLASS = YES_ERROR;
				CLANG_WARN_QUOTED_INCLUDE_IN_FRAMEWORK_HEADER = YES;
				CLANG_WARN_RANGE_LOOP_ANALYSIS = YES;
				CLANG_WARN_STRICT_PROTOTYPES = YES;
				CLANG_WARN_SUSPICIOUS_MOVE = YES;
				CLANG_WARN_UNGUARDED_AVAILABILITY = YES_AGGRESSIVE;
				CLANG_WARN_UNREACHABLE_CODE = YES;
				CLANG_WARN__DUPLICATE_METHOD_MATCH = YES;
				COPY_PHASE_STRIP = NO;
				DEBUG_INFORMATION_FORMAT = "dwarf-with-dsym";
				ENABLE_NS_ASSERTIONS = NO;
				ENABLE_STRICT_OBJC_MSGSEND = YES;
				GCC_C_LANGUAGE_STANDARD = gnu11;
				GCC_NO_COMMON_BLOCKS = YES;
				GCC_WARN_64_TO_32_BIT_CONVERSION = YES;
				GCC_WARN_ABOUT_RETURN_TYPE = YES_ERROR;
				GCC_WARN_UNDECLARED_SELECTOR = YES;
				GCC_WARN_UNINITIALIZED_AUTOS = YES_AGGRESSIVE;
				GCC_WARN_UNUSED_FUNCTION = YES;
				GCC_WARN_UNUSED_VARIABLE = YES;
				IPHONEOS_DEPLOYMENT_TARGET = 15.0;
				MTL_ENABLE_DEBUG_INFO = NO;
				MTL_FAST_MATH = YES;
				SDKROOT = iphoneos;
				SWIFT_COMPILATION_MODE = wholemodule;
				SWIFT_OPTIMIZATION_LEVEL = "-O";
				VALIDATE_PRODUCT = YES;
			};
			name = Release;
		};
		259387A5274CB6690092C021 /* Debug */ = {
			isa = XCBuildConfiguration;
			buildSettings = {
				ASSETCATALOG_COMPILER_APPICON_NAME = AppIcon;
				ASSETCATALOG_COMPILER_GLOBAL_ACCENT_COLOR_NAME = AccentColor;
				CODE_SIGN_STYLE = Automatic;
				CURRENT_PROJECT_VERSION = 1;
				GENERATE_INFOPLIST_FILE = YES;
				INFOPLIST_FILE = PaySlipViewer/Info.plist;
				INFOPLIST_KEY_UIApplicationSupportsIndirectInputEvents = YES;
				INFOPLIST_KEY_UILaunchStoryboardName = LaunchScreen;
				INFOPLIST_KEY_UIMainStoryboardFile = Main;
				INFOPLIST_KEY_UISupportedInterfaceOrientations_iPad = "UIInterfaceOrientationPortrait UIInterfaceOrientationPortraitUpsideDown UIInterfaceOrientationLandscapeLeft UIInterfaceOrientationLandscapeRight";
				INFOPLIST_KEY_UISupportedInterfaceOrientations_iPhone = "UIInterfaceOrientationPortrait UIInterfaceOrientationLandscapeLeft UIInterfaceOrientationLandscapeRight";
				LD_RUNPATH_SEARCH_PATHS = (
					"$(inherited)",
					"@executable_path/Frameworks",
				);
				MARKETING_VERSION = 1.0;
				PRODUCT_BUNDLE_IDENTIFIER = com.selva.PaySlipViewer;
				PRODUCT_NAME = "$(TARGET_NAME)";
				SWIFT_EMIT_LOC_STRINGS = YES;
				SWIFT_VERSION = 5.0;
				TARGETED_DEVICE_FAMILY = "1,2";
			};
			name = Debug;
		};
		259387A6274CB6690092C021 /* Release */ = {
			isa = XCBuildConfiguration;
			buildSettings = {
				ASSETCATALOG_COMPILER_APPICON_NAME = AppIcon;
				ASSETCATALOG_COMPILER_GLOBAL_ACCENT_COLOR_NAME = AccentColor;
				CODE_SIGN_STYLE = Automatic;
				CURRENT_PROJECT_VERSION = 1;
				GENERATE_INFOPLIST_FILE = YES;
				INFOPLIST_FILE = PaySlipViewer/Info.plist;
				INFOPLIST_KEY_UIApplicationSupportsIndirectInputEvents = YES;
				INFOPLIST_KEY_UILaunchStoryboardName = LaunchScreen;
				INFOPLIST_KEY_UIMainStoryboardFile = Main;
				INFOPLIST_KEY_UISupportedInterfaceOrientations_iPad = "UIInterfaceOrientationPortrait UIInterfaceOrientationPortraitUpsideDown UIInterfaceOrientationLandscapeLeft UIInterfaceOrientationLandscapeRight";
				INFOPLIST_KEY_UISupportedInterfaceOrientations_iPhone = "UIInterfaceOrientationPortrait UIInterfaceOrientationLandscapeLeft UIInterfaceOrientationLandscapeRight";
				LD_RUNPATH_SEARCH_PATHS = (
					"$(inherited)",
					"@executable_path/Frameworks",
				);
				MARKETING_VERSION = 1.0;
				PRODUCT_BUNDLE_IDENTIFIER = com.selva.PaySlipViewer;
				PRODUCT_NAME = "$(TARGET_NAME)";
				SWIFT_EMIT_LOC_STRINGS = YES;
				SWIFT_VERSION = 5.0;
				TARGETED_DEVICE_FAMILY = "1,2";
			};
			name = Release;
		};
		259387A8274CB6690092C021 /* Debug */ = {
			isa = XCBuildConfiguration;
			buildSettings = {
				ALWAYS_EMBED_SWIFT_STANDARD_LIBRARIES = YES;
				BUNDLE_LOADER = "$(TEST_HOST)";
				CODE_SIGN_STYLE = Automatic;
				CURRENT_PROJECT_VERSION = 1;
				GENERATE_INFOPLIST_FILE = YES;
				IPHONEOS_DEPLOYMENT_TARGET = 15.0;
				LD_RUNPATH_SEARCH_PATHS = (
					"$(inherited)",
					"@executable_path/Frameworks",
					"@loader_path/Frameworks",
				);
				MARKETING_VERSION = 1.0;
				PRODUCT_BUNDLE_IDENTIFIER = com.selva.PaySlipViewerTests;
				PRODUCT_NAME = "$(TARGET_NAME)";
				SWIFT_EMIT_LOC_STRINGS = NO;
				SWIFT_VERSION = 5.0;
				TARGETED_DEVICE_FAMILY = "1,2";
				TEST_HOST = "$(BUILT_PRODUCTS_DIR)/PaySlipViewer.app/PaySlipViewer";
			};
			name = Debug;
		};
		259387A9274CB6690092C021 /* Release */ = {
			isa = XCBuildConfiguration;
			buildSettings = {
				ALWAYS_EMBED_SWIFT_STANDARD_LIBRARIES = YES;
				BUNDLE_LOADER = "$(TEST_HOST)";
				CODE_SIGN_STYLE = Automatic;
				CURRENT_PROJECT_VERSION = 1;
				GENERATE_INFOPLIST_FILE = YES;
				IPHONEOS_DEPLOYMENT_TARGET = 15.0;
				LD_RUNPATH_SEARCH_PATHS = (
					"$(inherited)",
					"@executable_path/Frameworks",
					"@loader_path/Frameworks",
				);
				MARKETING_VERSION = 1.0;
				PRODUCT_BUNDLE_IDENTIFIER = com.selva.PaySlipViewerTests;
				PRODUCT_NAME = "$(TARGET_NAME)";
				SWIFT_EMIT_LOC_STRINGS = NO;
				SWIFT_VERSION = 5.0;
				TARGETED_DEVICE_FAMILY = "1,2";
				TEST_HOST = "$(BUILT_PRODUCTS_DIR)/PaySlipViewer.app/PaySlipViewer";
			};
			name = Release;
		};
		259387AB274CB6690092C021 /* Debug */ = {
			isa = XCBuildConfiguration;
			buildSettings = {
				ALWAYS_EMBED_SWIFT_STANDARD_LIBRARIES = YES;
				CODE_SIGN_STYLE = Automatic;
				CURRENT_PROJECT_VERSION = 1;
				GENERATE_INFOPLIST_FILE = YES;
				LD_RUNPATH_SEARCH_PATHS = (
					"$(inherited)",
					"@executable_path/Frameworks",
					"@loader_path/Frameworks",
				);
				MARKETING_VERSION = 1.0;
				PRODUCT_BUNDLE_IDENTIFIER = com.selva.PaySlipViewerUITests;
				PRODUCT_NAME = "$(TARGET_NAME)";
				SWIFT_EMIT_LOC_STRINGS = NO;
				SWIFT_VERSION = 5.0;
				TARGETED_DEVICE_FAMILY = "1,2";
				TEST_TARGET_NAME = PaySlipViewer;
			};
			name = Debug;
		};
		259387AC274CB6690092C021 /* Release */ = {
			isa = XCBuildConfiguration;
			buildSettings = {
				ALWAYS_EMBED_SWIFT_STANDARD_LIBRARIES = YES;
				CODE_SIGN_STYLE = Automatic;
				CURRENT_PROJECT_VERSION = 1;
				GENERATE_INFOPLIST_FILE = YES;
				LD_RUNPATH_SEARCH_PATHS = (
					"$(inherited)",
					"@executable_path/Frameworks",
					"@loader_path/Frameworks",
				);
				MARKETING_VERSION = 1.0;
				PRODUCT_BUNDLE_IDENTIFIER = com.selva.PaySlipViewerUITests;
				PRODUCT_NAME = "$(TARGET_NAME)";
				SWIFT_EMIT_LOC_STRINGS = NO;
				SWIFT_VERSION = 5.0;
				TARGETED_DEVICE_FAMILY = "1,2";
				TEST_TARGET_NAME = PaySlipViewer;
			};
			name = Release;
		};
/* End XCBuildConfiguration section */

/* Begin XCConfigurationList section */
		25938775274CB6670092C021 /* Build configuration list for PBXProject "PaySlipViewer" */ = {
			isa = XCConfigurationList;
			buildConfigurations = (
				259387A2274CB6690092C021 /* Debug */,
				259387A3274CB6690092C021 /* Release */,
			);
			defaultConfigurationIsVisible = 0;
			defaultConfigurationName = Release;
		};
		259387A4274CB6690092C021 /* Build configuration list for PBXNativeTarget "PaySlipViewer" */ = {
			isa = XCConfigurationList;
			buildConfigurations = (
				259387A5274CB6690092C021 /* Debug */,
				259387A6274CB6690092C021 /* Release */,
			);
			defaultConfigurationIsVisible = 0;
			defaultConfigurationName = Release;
		};
		259387A7274CB6690092C021 /* Build configuration list for PBXNativeTarget "PaySlipViewerTests" */ = {
			isa = XCConfigurationList;
			buildConfigurations = (
				259387A8274CB6690092C021 /* Debug */,
				259387A9274CB6690092C021 /* Release */,
			);
			defaultConfigurationIsVisible = 0;
			defaultConfigurationName = Release;
		};
		259387AA274CB6690092C021 /* Build configuration list for PBXNativeTarget "PaySlipViewerUITests" */ = {
			isa = XCConfigurationList;
			buildConfigurations = (
				259387AB274CB6690092C021 /* Debug */,
				259387AC274CB6690092C021 /* Release */,
			);
			defaultConfigurationIsVisible = 0;
			defaultConfigurationName = Release;
		};
/* End XCConfigurationList section */
	};
	rootObject = 25938772274CB6670092C021 /* Project object */;
}
